{
  "name": "proxy-app-name",
  "version": "0.0.1",
  "lockfileVersion": 3,
  "requires": true,
  "packages": {
    "": {
      "name": "proxy-app-name",
      "version": "0.0.1",
      "dependencies": {
        "hel-mono-runtime-helper": "^1.1.1"
      }
    },
    "node_modules/hel-mono-runtime-helper": {
      "version": "1.1.1",
      "resolved": "https://registry.npmjs.org/hel-mono-runtime-helper/-/hel-mono-runtime-helper-1.1.1.tgz",
      "integrity": "sha512-HR1Xl+UXxy1jUMzsdcJofGxSrlm2NeBF4IBid1Xbxf/dnihxm2xQIy1PnBxPKIMikp2NM43TvuWKGTfnLJ2Waw=="
    }
  }
}
